
Microsoft Visual Studio Solution File, Format Version 12.00
# Visual Studio Version 17
VisualStudioVersion = 17.6.33829.357
MinimumVisualStudioVersion = 10.0.40219.1
Project("{FAE04EC0-301F-11D3-BF4B-00C04F79EFBC}") = "WizardChessUI", "WizardChessUI.csproj", "{6124F2AD-6F54-44FC-927E-28E630723B4B}"
EndProject
Global
	GlobalSection(SolutionConfigurationPlatforms) = preSolution
		Debug|Any CPU = Debug|Any CPU
		Release|Any CPU = Release|Any CPU
	EndGlobalSection
	GlobalSection(ProjectConfigurationPlatforms) = postSolution
		{6124F2AD-6F54-44FC-927E-28E630723B4B}.Debug|Any CPU.ActiveCfg = Debug|Any CPU
		{6124F2AD-6F54-44FC-927E-28E630723B4B}.Debug|Any CPU.Build.0 = Debug|Any CPU
		{6124F2AD-6F54-44FC-927E-28E630723B4B}.Release|Any CPU.ActiveCfg = Release|Any CPU
		{6124F2AD-6F54-44FC-927E-28E630723B4B}.Release|Any CPU.Build.0 = Release|Any CPU
	EndGlobalSection
	GlobalSection(SolutionProperties) = preSolution
		HideSolutionNode = FALSE
	EndGlobalSection
	GlobalSection(ExtensibilityGlobals) = postSolution
		SolutionGuid = {23062921-A2CE-429D-A3C3-3180F13861AF}
	EndGlobalSection
EndGlobal
